
Microsoft Visual Studio Solution File, Format Version 12.00
# Visual Studio 2013
VisualStudioVersion = 12.0.31101.0
MinimumVisualStudioVersion = 10.0.40219.1
Project("{FAE04EC0-301F-11D3-BF4B-00C04F79EFBC}") = "ContactsApp", "ContactsApp\ContactsApp.csproj", "{377DF05E-D515-4157-B155-62291592CB34}"
EndProject
Project("{FAE04EC0-301F-11D3-BF4B-00C04F79EFBC}") = "Domain", "Domain\Domain.csproj", "{FD72AC24-E6C3-4CA9-BA0F-AD563002EA30}"
EndProject
Project("{FAE04EC0-301F-11D3-BF4B-00C04F79EFBC}") = "Infrastructure", "Infrastructure\Infrastructure.csproj", "{2413CA0E-368C-4D3F-879C-8A5D5491E36C}"
EndProject
Project("{FAE04EC0-301F-11D3-BF4B-00C04F79EFBC}") = "UnitTests", "UnitTests\UnitTests.csproj", "{A1BBE2A7-BFCC-474D-AA8E-60C7E825DA3B}"
EndProject
Project("{FAE04EC0-301F-11D3-BF4B-00C04F79EFBC}") = "Service", "Service\Service.csproj", "{7A60220A-C358-4C28-9C3F-7302536EF080}"
EndProject
Project("{2150E333-8FDC-42A3-9474-1A3956D46DE8}") = "Solution Items", "Solution Items", "{03B45F69-DF26-4B33-A14B-CD4D60EB696E}"
	ProjectSection(SolutionItems) = preProject
		ReadMe.md = ReadMe.md
	EndProjectSection
EndProject
Global
	GlobalSection(SolutionConfigurationPlatforms) = preSolution
		Debug|Any CPU = Debug|Any CPU
		Release|Any CPU = Release|Any CPU
	EndGlobalSection
	GlobalSection(ProjectConfigurationPlatforms) = postSolution
		{377DF05E-D515-4157-B155-62291592CB34}.Debug|Any CPU.ActiveCfg = Debug|Any CPU
		{377DF05E-D515-4157-B155-62291592CB34}.Debug|Any CPU.Build.0 = Debug|Any CPU
		{377DF05E-D515-4157-B155-62291592CB34}.Release|Any CPU.ActiveCfg = Release|Any CPU
		{377DF05E-D515-4157-B155-62291592CB34}.Release|Any CPU.Build.0 = Release|Any CPU
		{FD72AC24-E6C3-4CA9-BA0F-AD563002EA30}.Debug|Any CPU.ActiveCfg = Debug|Any CPU
		{FD72AC24-E6C3-4CA9-BA0F-AD563002EA30}.Debug|Any CPU.Build.0 = Debug|Any CPU
		{FD72AC24-E6C3-4CA9-BA0F-AD563002EA30}.Release|Any CPU.ActiveCfg = Release|Any CPU
		{FD72AC24-E6C3-4CA9-BA0F-AD563002EA30}.Release|Any CPU.Build.0 = Release|Any CPU
		{2413CA0E-368C-4D3F-879C-8A5D5491E36C}.Debug|Any CPU.ActiveCfg = Debug|Any CPU
		{2413CA0E-368C-4D3F-879C-8A5D5491E36C}.Debug|Any CPU.Build.0 = Debug|Any CPU
		{2413CA0E-368C-4D3F-879C-8A5D5491E36C}.Release|Any CPU.ActiveCfg = Release|Any CPU
		{2413CA0E-368C-4D3F-879C-8A5D5491E36C}.Release|Any CPU.Build.0 = Release|Any CPU
		{A1BBE2A7-BFCC-474D-AA8E-60C7E825DA3B}.Debug|Any CPU.ActiveCfg = Debug|Any CPU
		{A1BBE2A7-BFCC-474D-AA8E-60C7E825DA3B}.Debug|Any CPU.Build.0 = Debug|Any CPU
		{A1BBE2A7-BFCC-474D-AA8E-60C7E825DA3B}.Release|Any CPU.ActiveCfg = Release|Any CPU
		{A1BBE2A7-BFCC-474D-AA8E-60C7E825DA3B}.Release|Any CPU.Build.0 = Release|Any CPU
		{7A60220A-C358-4C28-9C3F-7302536EF080}.Debug|Any CPU.ActiveCfg = Debug|Any CPU
		{7A60220A-C358-4C28-9C3F-7302536EF080}.Debug|Any CPU.Build.0 = Debug|Any CPU
		{7A60220A-C358-4C28-9C3F-7302536EF080}.Release|Any CPU.ActiveCfg = Release|Any CPU
		{7A60220A-C358-4C28-9C3F-7302536EF080}.Release|Any CPU.Build.0 = Release|Any CPU
	EndGlobalSection
	GlobalSection(SolutionProperties) = preSolution
		HideSolutionNode = FALSE
	EndGlobalSection
EndGlobal
